
Microsoft Visual Studio Solution File, Format Version 12.00
# Visual Studio Version 16
VisualStudioVersion = 16.0.30621.155
MinimumVisualStudioVersion = 10.0.40219.1
Project("{FAE04EC0-301F-11D3-BF4B-00C04F79EFBC}") = "WebAPILinbis", "WebAPILinbis.csproj", "{B1BB4FAE-4214-4C03-9E0A-CDE5DF391532}"
EndProject
Project("{FAE04EC0-301F-11D3-BF4B-00C04F79EFBC}") = "WebAPILinbis.Test", "..\WebAPILinbis.Test\WebAPILinbis.Test.csproj", "{FC6AE12D-688F-4315-8121-1BF9E4CD961C}"
EndProject
Project("{FAE04EC0-301F-11D3-BF4B-00C04F79EFBC}") = "Services", "..\Services\Services.csproj", "{575B0D3F-B725-4009-B10C-E401616B8E5E}"
EndProject
Global
	GlobalSection(SolutionConfigurationPlatforms) = preSolution
		Debug|Any CPU = Debug|Any CPU
		Release|Any CPU = Release|Any CPU
	EndGlobalSection
	GlobalSection(ProjectConfigurationPlatforms) = postSolution
		{B1BB4FAE-4214-4C03-9E0A-CDE5DF391532}.Debug|Any CPU.ActiveCfg = Debug|Any CPU
		{B1BB4FAE-4214-4C03-9E0A-CDE5DF391532}.Debug|Any CPU.Build.0 = Debug|Any CPU
		{B1BB4FAE-4214-4C03-9E0A-CDE5DF391532}.Release|Any CPU.ActiveCfg = Release|Any CPU
		{B1BB4FAE-4214-4C03-9E0A-CDE5DF391532}.Release|Any CPU.Build.0 = Release|Any CPU
		{FC6AE12D-688F-4315-8121-1BF9E4CD961C}.Debug|Any CPU.ActiveCfg = Debug|Any CPU
		{FC6AE12D-688F-4315-8121-1BF9E4CD961C}.Debug|Any CPU.Build.0 = Debug|Any CPU
		{FC6AE12D-688F-4315-8121-1BF9E4CD961C}.Release|Any CPU.ActiveCfg = Release|Any CPU
		{FC6AE12D-688F-4315-8121-1BF9E4CD961C}.Release|Any CPU.Build.0 = Release|Any CPU
		{575B0D3F-B725-4009-B10C-E401616B8E5E}.Debug|Any CPU.ActiveCfg = Debug|Any CPU
		{575B0D3F-B725-4009-B10C-E401616B8E5E}.Debug|Any CPU.Build.0 = Debug|Any CPU
		{575B0D3F-B725-4009-B10C-E401616B8E5E}.Release|Any CPU.ActiveCfg = Release|Any CPU
		{575B0D3F-B725-4009-B10C-E401616B8E5E}.Release|Any CPU.Build.0 = Release|Any CPU
	EndGlobalSection
	GlobalSection(SolutionProperties) = preSolution
		HideSolutionNode = FALSE
	EndGlobalSection
	GlobalSection(ExtensibilityGlobals) = postSolution
		SolutionGuid = {57336055-85AA-4844-8966-5F095B53F6BE}
	EndGlobalSection
EndGlobal
